
Microsoft Visual Studio Solution File, Format Version 12.00
# Visual Studio Version 17
VisualStudioVersion = 17.8.34316.72
MinimumVisualStudioVersion = 10.0.40219.1
Project("{FAE04EC0-301F-11D3-BF4B-00C04F79EFBC}") = "Task1", "..\Task1\Task1.csproj", "{6DCF364F-B5FF-433B-A950-ED7B0EE95681}"
EndProject
Project("{FAE04EC0-301F-11D3-BF4B-00C04F79EFBC}") = "Task2", "..\Task2\Task2.csproj", "{A947C722-2471-43A5-B041-CFD931405E76}"
EndProject
Project("{FAE04EC0-301F-11D3-BF4B-00C04F79EFBC}") = "Task3", "..\Task3\Task3.csproj", "{0CF09F94-D731-464A-9113-DB30BE4929F8}"
EndProject
Global
	GlobalSection(SolutionConfigurationPlatforms) = preSolution
		Debug|Any CPU = Debug|Any CPU
		Release|Any CPU = Release|Any CPU
	EndGlobalSection
	GlobalSection(ProjectConfigurationPlatforms) = postSolution
		{6DCF364F-B5FF-433B-A950-ED7B0EE95681}.Debug|Any CPU.ActiveCfg = Debug|Any CPU
		{6DCF364F-B5FF-433B-A950-ED7B0EE95681}.Debug|Any CPU.Build.0 = Debug|Any CPU
		{6DCF364F-B5FF-433B-A950-ED7B0EE95681}.Release|Any CPU.ActiveCfg = Release|Any CPU
		{6DCF364F-B5FF-433B-A950-ED7B0EE95681}.Release|Any CPU.Build.0 = Release|Any CPU
		{A947C722-2471-43A5-B041-CFD931405E76}.Debug|Any CPU.ActiveCfg = Debug|Any CPU
		{A947C722-2471-43A5-B041-CFD931405E76}.Debug|Any CPU.Build.0 = Debug|Any CPU
		{A947C722-2471-43A5-B041-CFD931405E76}.Release|Any CPU.ActiveCfg = Release|Any CPU
		{A947C722-2471-43A5-B041-CFD931405E76}.Release|Any CPU.Build.0 = Release|Any CPU
		{0CF09F94-D731-464A-9113-DB30BE4929F8}.Debug|Any CPU.ActiveCfg = Debug|Any CPU
		{0CF09F94-D731-464A-9113-DB30BE4929F8}.Debug|Any CPU.Build.0 = Debug|Any CPU
		{0CF09F94-D731-464A-9113-DB30BE4929F8}.Release|Any CPU.ActiveCfg = Release|Any CPU
		{0CF09F94-D731-464A-9113-DB30BE4929F8}.Release|Any CPU.Build.0 = Release|Any CPU
	EndGlobalSection
	GlobalSection(SolutionProperties) = preSolution
		HideSolutionNode = FALSE
	EndGlobalSection
	GlobalSection(ExtensibilityGlobals) = postSolution
		SolutionGuid = {0A37762A-2FA0-49CA-8C64-55CFC9197892}
	EndGlobalSection
EndGlobal
